
Microsoft Visual Studio Solution File, Format Version 12.00
# Visual Studio 15
VisualStudioVersion = 15.0.26430.15
MinimumVisualStudioVersion = 10.0.40219.1
Project("{FAE04EC0-301F-11D3-BF4B-00C04F79EFBC}") = "DiagnoseApp", "DiagnoseApp\DiagnoseApp.csproj", "{67F9D3A8-F71E-4428-913F-C37AE82CDB24}"
EndProject
Project("{FAE04EC0-301F-11D3-BF4B-00C04F79EFBC}") = "DiagnoseApp.Droid", "DiagnoseApp.Droid\DiagnoseApp.Droid.csproj", "{62D71DD2-EB5F-49EE-ADE7-2395EAAB4F5D}"
EndProject
Project("{FAE04EC0-301F-11D3-BF4B-00C04F79EFBC}") = "DiagnoseApp.iOS", "DiagnoseApp.iOS\DiagnoseApp.iOS.csproj", "{7C762DBB-37AF-46A7-AB90-41FB36A9EBC2}"
EndProject
Global
	GlobalSection(SolutionConfigurationPlatforms) = preSolution
		Ad-Hoc|Any CPU = Ad-Hoc|Any CPU
		Ad-Hoc|iPhone = Ad-Hoc|iPhone
		Ad-Hoc|iPhoneSimulator = Ad-Hoc|iPhoneSimulator
		AppStore|Any CPU = AppStore|Any CPU
		AppStore|iPhone = AppStore|iPhone
		AppStore|iPhoneSimulator = AppStore|iPhoneSimulator
		Debug|Any CPU = Debug|Any CPU
		Debug|iPhone = Debug|iPhone
		Debug|iPhoneSimulator = Debug|iPhoneSimulator
		Release|Any CPU = Release|Any CPU
		Release|iPhone = Release|iPhone
		Release|iPhoneSimulator = Release|iPhoneSimulator
	EndGlobalSection
	GlobalSection(ProjectConfigurationPlatforms) = postSolution
		{67F9D3A8-F71E-4428-913F-C37AE82CDB24}.Ad-Hoc|Any CPU.ActiveCfg = Release|Any CPU
		{67F9D3A8-F71E-4428-913F-C37AE82CDB24}.Ad-Hoc|Any CPU.Build.0 = Release|Any CPU
		{67F9D3A8-F71E-4428-913F-C37AE82CDB24}.Ad-Hoc|iPhone.ActiveCfg = Release|Any CPU
		{67F9D3A8-F71E-4428-913F-C37AE82CDB24}.Ad-Hoc|iPhone.Build.0 = Release|Any CPU
		{67F9D3A8-F71E-4428-913F-C37AE82CDB24}.Ad-Hoc|iPhoneSimulator.ActiveCfg = Release|Any CPU
		{67F9D3A8-F71E-4428-913F-C37AE82CDB24}.Ad-Hoc|iPhoneSimulator.Build.0 = Release|Any CPU
		{67F9D3A8-F71E-4428-913F-C37AE82CDB24}.AppStore|Any CPU.ActiveCfg = Release|Any CPU
		{67F9D3A8-F71E-4428-913F-C37AE82CDB24}.AppStore|Any CPU.Build.0 = Release|Any CPU
		{67F9D3A8-F71E-4428-913F-C37AE82CDB24}.AppStore|iPhone.ActiveCfg = Release|Any CPU
		{67F9D3A8-F71E-4428-913F-C37AE82CDB24}.AppStore|iPhone.Build.0 = Release|Any CPU
		{67F9D3A8-F71E-4428-913F-C37AE82CDB24}.AppStore|iPhoneSimulator.ActiveCfg = Release|Any CPU
		{67F9D3A8-F71E-4428-913F-C37AE82CDB24}.AppStore|iPhoneSimulator.Build.0 = Release|Any CPU
		{67F9D3A8-F71E-4428-913F-C37AE82CDB24}.Debug|Any CPU.ActiveCfg = Debug|Any CPU
		{67F9D3A8-F71E-4428-913F-C37AE82CDB24}.Debug|Any CPU.Build.0 = Debug|Any CPU
		{67F9D3A8-F71E-4428-913F-C37AE82CDB24}.Debug|iPhone.ActiveCfg = Debug|Any CPU
		{67F9D3A8-F71E-4428-913F-C37AE82CDB24}.Debug|iPhone.Build.0 = Debug|Any CPU
		{67F9D3A8-F71E-4428-913F-C37AE82CDB24}.Debug|iPhoneSimulator.ActiveCfg = Debug|Any CPU
		{67F9D3A8-F71E-4428-913F-C37AE82CDB24}.Debug|iPhoneSimulator.Build.0 = Debug|Any CPU
		{67F9D3A8-F71E-4428-913F-C37AE82CDB24}.Release|Any CPU.ActiveCfg = Release|Any CPU
		{67F9D3A8-F71E-4428-913F-C37AE82CDB24}.Release|Any CPU.Build.0 = Release|Any CPU
		{67F9D3A8-F71E-4428-913F-C37AE82CDB24}.Release|iPhone.ActiveCfg = Release|Any CPU
		{67F9D3A8-F71E-4428-913F-C37AE82CDB24}.Release|iPhone.Build.0 = Release|Any CPU
		{67F9D3A8-F71E-4428-913F-C37AE82CDB24}.Release|iPhoneSimulator.ActiveCfg = Release|Any CPU
		{67F9D3A8-F71E-4428-913F-C37AE82CDB24}.Release|iPhoneSimulator.Build.0 = Release|Any CPU
		{62D71DD2-EB5F-49EE-ADE7-2395EAAB4F5D}.Ad-Hoc|Any CPU.ActiveCfg = Release|Any CPU
		{62D71DD2-EB5F-49EE-ADE7-2395EAAB4F5D}.Ad-Hoc|Any CPU.Build.0 = Release|Any CPU
		{62D71DD2-EB5F-49EE-ADE7-2395EAAB4F5D}.Ad-Hoc|Any CPU.Deploy.0 = Release|Any CPU
		{62D71DD2-EB5F-49EE-ADE7-2395EAAB4F5D}.Ad-Hoc|iPhone.ActiveCfg = Release|Any CPU
		{62D71DD2-EB5F-49EE-ADE7-2395EAAB4F5D}.Ad-Hoc|iPhone.Build.0 = Release|Any CPU
		{62D71DD2-EB5F-49EE-ADE7-2395EAAB4F5D}.Ad-Hoc|iPhone.Deploy.0 = Release|Any CPU
		{62D71DD2-EB5F-49EE-ADE7-2395EAAB4F5D}.Ad-Hoc|iPhoneSimulator.ActiveCfg = Release|Any CPU
		{62D71DD2-EB5F-49EE-ADE7-2395EAAB4F5D}.Ad-Hoc|iPhoneSimulator.Build.0 = Release|Any CPU
		{62D71DD2-EB5F-49EE-ADE7-2395EAAB4F5D}.Ad-Hoc|iPhoneSimulator.Deploy.0 = Release|Any CPU
		{62D71DD2-EB5F-49EE-ADE7-2395EAAB4F5D}.AppStore|Any CPU.ActiveCfg = Release|Any CPU
		{62D71DD2-EB5F-49EE-ADE7-2395EAAB4F5D}.AppStore|Any CPU.Build.0 = Release|Any CPU
		{62D71DD2-EB5F-49EE-ADE7-2395EAAB4F5D}.AppStore|Any CPU.Deploy.0 = Release|Any CPU
		{62D71DD2-EB5F-49EE-ADE7-2395EAAB4F5D}.AppStore|iPhone.ActiveCfg = Release|Any CPU
		{62D71DD2-EB5F-49EE-ADE7-2395EAAB4F5D}.AppStore|iPhone.Build.0 = Release|Any CPU
		{62D71DD2-EB5F-49EE-ADE7-2395EAAB4F5D}.AppStore|iPhone.Deploy.0 = Release|Any CPU
		{62D71DD2-EB5F-49EE-ADE7-2395EAAB4F5D}.AppStore|iPhoneSimulator.ActiveCfg = Release|Any CPU
		{62D71DD2-EB5F-49EE-ADE7-2395EAAB4F5D}.AppStore|iPhoneSimulator.Build.0 = Release|Any CPU
		{62D71DD2-EB5F-49EE-ADE7-2395EAAB4F5D}.AppStore|iPhoneSimulator.Deploy.0 = Release|Any CPU
		{62D71DD2-EB5F-49EE-ADE7-2395EAAB4F5D}.Debug|Any CPU.ActiveCfg = Debug|Any CPU
		{62D71DD2-EB5F-49EE-ADE7-2395EAAB4F5D}.Debug|Any CPU.Build.0 = Debug|Any CPU
		{62D71DD2-EB5F-49EE-ADE7-2395EAAB4F5D}.Debug|Any CPU.Deploy.0 = Debug|Any CPU
		{62D71DD2-EB5F-49EE-ADE7-2395EAAB4F5D}.Debug|iPhone.ActiveCfg = Debug|Any CPU
		{62D71DD2-EB5F-49EE-ADE7-2395EAAB4F5D}.Debug|iPhone.Build.0 = Debug|Any CPU
		{62D71DD2-EB5F-49EE-ADE7-2395EAAB4F5D}.Debug|iPhone.Deploy.0 = Debug|Any CPU
		{62D71DD2-EB5F-49EE-ADE7-2395EAAB4F5D}.Debug|iPhoneSimulator.ActiveCfg = Debug|Any CPU
		{62D71DD2-EB5F-49EE-ADE7-2395EAAB4F5D}.Debug|iPhoneSimulator.Build.0 = Debug|Any CPU
		{62D71DD2-EB5F-49EE-ADE7-2395EAAB4F5D}.Debug|iPhoneSimulator.Deploy.0 = Debug|Any CPU
		{62D71DD2-EB5F-49EE-ADE7-2395EAAB4F5D}.Release|Any CPU.ActiveCfg = Release|Any CPU
		{62D71DD2-EB5F-49EE-ADE7-2395EAAB4F5D}.Release|Any CPU.Build.0 = Release|Any CPU
		{62D71DD2-EB5F-49EE-ADE7-2395EAAB4F5D}.Release|Any CPU.Deploy.0 = Release|Any CPU
		{62D71DD2-EB5F-49EE-ADE7-2395EAAB4F5D}.Release|iPhone.ActiveCfg = Release|Any CPU
		{62D71DD2-EB5F-49EE-ADE7-2395EAAB4F5D}.Release|iPhone.Build.0 = Release|Any CPU
		{62D71DD2-EB5F-49EE-ADE7-2395EAAB4F5D}.Release|iPhone.Deploy.0 = Release|Any CPU
		{62D71DD2-EB5F-49EE-ADE7-2395EAAB4F5D}.Release|iPhoneSimulator.ActiveCfg = Release|Any CPU
		{62D71DD2-EB5F-49EE-ADE7-2395EAAB4F5D}.Release|iPhoneSimulator.Build.0 = Release|Any CPU
		{62D71DD2-EB5F-49EE-ADE7-2395EAAB4F5D}.Release|iPhoneSimulator.Deploy.0 = Release|Any CPU
		{7C762DBB-37AF-46A7-AB90-41FB36A9EBC2}.Ad-Hoc|Any CPU.ActiveCfg = Ad-Hoc|iPhone
		{7C762DBB-37AF-46A7-AB90-41FB36A9EBC2}.Ad-Hoc|iPhone.ActiveCfg = Ad-Hoc|iPhone
		{7C762DBB-37AF-46A7-AB90-41FB36A9EBC2}.Ad-Hoc|iPhone.Build.0 = Ad-Hoc|iPhone
		{7C762DBB-37AF-46A7-AB90-41FB36A9EBC2}.Ad-Hoc|iPhoneSimulator.ActiveCfg = Ad-Hoc|iPhoneSimulator
		{7C762DBB-37AF-46A7-AB90-41FB36A9EBC2}.Ad-Hoc|iPhoneSimulator.Build.0 = Ad-Hoc|iPhoneSimulator
		{7C762DBB-37AF-46A7-AB90-41FB36A9EBC2}.AppStore|Any CPU.ActiveCfg = AppStore|iPhone
		{7C762DBB-37AF-46A7-AB90-41FB36A9EBC2}.AppStore|iPhone.ActiveCfg = AppStore|iPhone
		{7C762DBB-37AF-46A7-AB90-41FB36A9EBC2}.AppStore|iPhone.Build.0 = AppStore|iPhone
		{7C762DBB-37AF-46A7-AB90-41FB36A9EBC2}.AppStore|iPhoneSimulator.ActiveCfg = AppStore|iPhoneSimulator
		{7C762DBB-37AF-46A7-AB90-41FB36A9EBC2}.AppStore|iPhoneSimulator.Build.0 = AppStore|iPhoneSimulator
		{7C762DBB-37AF-46A7-AB90-41FB36A9EBC2}.Debug|Any CPU.ActiveCfg = Debug|iPhone
		{7C762DBB-37AF-46A7-AB90-41FB36A9EBC2}.Debug|iPhone.ActiveCfg = Debug|iPhone
		{7C762DBB-37AF-46A7-AB90-41FB36A9EBC2}.Debug|iPhone.Build.0 = Debug|iPhone
		{7C762DBB-37AF-46A7-AB90-41FB36A9EBC2}.Debug|iPhoneSimulator.ActiveCfg = Debug|iPhoneSimulator
		{7C762DBB-37AF-46A7-AB90-41FB36A9EBC2}.Debug|iPhoneSimulator.Build.0 = Debug|iPhoneSimulator
		{7C762DBB-37AF-46A7-AB90-41FB36A9EBC2}.Release|Any CPU.ActiveCfg = Release|iPhone
		{7C762DBB-37AF-46A7-AB90-41FB36A9EBC2}.Release|iPhone.ActiveCfg = Release|iPhone
		{7C762DBB-37AF-46A7-AB90-41FB36A9EBC2}.Release|iPhone.Build.0 = Release|iPhone
		{7C762DBB-37AF-46A7-AB90-41FB36A9EBC2}.Release|iPhoneSimulator.ActiveCfg = Release|iPhoneSimulator
		{7C762DBB-37AF-46A7-AB90-41FB36A9EBC2}.Release|iPhoneSimulator.Build.0 = Release|iPhoneSimulator
	EndGlobalSection
	GlobalSection(SolutionProperties) = preSolution
		HideSolutionNode = FALSE
	EndGlobalSection
EndGlobal
